// !$*UTF8*$!
{
	archiveVersion = 1;
	classes = {};
	objectVersion = 56;
	objects = {

/* Begin PBXBuildFile section */
		4ABBA2A265D8437EAC5C56EE /* AltKeeperApp.swift in Sources */ = {isa = PBXBuildFile; fileRef = 6C811086962C4A05B5F63855 /* AltKeeperApp.swift */; };
		315688AF25B9414D81D04ADF /* AccountFormViewModel.swift in Sources */ = {isa = PBXBuildFile; fileRef = 227271D9FD9F458DB1DAA879 /* AccountFormViewModel.swift */; };
		C2CD49F55C044F1286A0D4D5 /* AccountListViewModel.swift in Sources */ = {isa = PBXBuildFile; fileRef = 897CC022B3B34D3BA8FE43E6 /* AccountListViewModel.swift */; };
		749C5CA215844ADA9E56C89C /* DashboardViewModel.swift in Sources */ = {isa = PBXBuildFile; fileRef = AC6847CE6708481E93858642 /* DashboardViewModel.swift */; };
		76902706FF4C467C8411014F /* AccountStatus.swift in Sources */ = {isa = PBXBuildFile; fileRef = 4E83F1EE92954A9DB96A17F9 /* AccountStatus.swift */; };
		947786A35AF94CAAB3E426DB /* GameAccount.swift in Sources */ = {isa = PBXBuildFile; fileRef = 06162689BB8F4D44B987FDB0 /* GameAccount.swift */; };
		260CE5A439CC4133997EBF0C /* GamePlatform.swift in Sources */ = {isa = PBXBuildFile; fileRef = 8CE5DA969268485B8CC47794 /* GamePlatform.swift */; };
		DC32C9E946B74340915DDC95 /* ReminderInterval.swift in Sources */ = {isa = PBXBuildFile; fileRef = 63B0CD2BFF994BD39770A4FD /* ReminderInterval.swift */; };
		78222B03120C42F5B93A3D7C /* AccountListFilters.swift in Sources */ = {isa = PBXBuildFile; fileRef = 9CA09622C04243819AD870D8 /* AccountListFilters.swift */; };
		04E0D2CEBA81474F8BCE4504 /* AppTheme.swift in Sources */ = {isa = PBXBuildFile; fileRef = 9C00565B5A7042FB9329B1FD /* AppTheme.swift */; };
		0A3DAF90950E424FA429EAC2 /* DateExtensions.swift in Sources */ = {isa = PBXBuildFile; fileRef = D0A086F10B7340B984A7ABF7 /* DateExtensions.swift */; };
		E6230E248A254873921D3050 /* HapticFeedback.swift in Sources */ = {isa = PBXBuildFile; fileRef = BE2ECD9F58354D87BFBC7C33 /* HapticFeedback.swift */; };
		B5436281833D465D96EFBAF3 /* PlatformConfiguration.swift in Sources */ = {isa = PBXBuildFile; fileRef = 46F79D1893494E67A74684DB /* PlatformConfiguration.swift */; };
		FB3D47783ACA49D79A19B396 /* MainTabView.swift in Sources */ = {isa = PBXBuildFile; fileRef = 3CD996DAF4B6464EB441DCC1 /* MainTabView.swift */; };
		BBAFD0A015C54852B5791602 /* LockScreenView.swift in Sources */ = {isa = PBXBuildFile; fileRef = 201ECFF5141B44A5941DBA52 /* LockScreenView.swift */; };
		EB6D68A9C8754137806EB120 /* SettingsView.swift in Sources */ = {isa = PBXBuildFile; fileRef = 74E6364C469D4D21BFEC758D /* SettingsView.swift */; };
		7D061C47735E4209A0A66159 /* DashboardView.swift in Sources */ = {isa = PBXBuildFile; fileRef = B776FED0C675488498D918B0 /* DashboardView.swift */; };
		E709DF9D99FE480D810181C8 /* SafariView.swift in Sources */ = {isa = PBXBuildFile; fileRef = 39DA9F392EBF4883A46837F2 /* SafariView.swift */; };
		92F2338824294E31B5B624DB /* SharedComponents.swift in Sources */ = {isa = PBXBuildFile; fileRef = 21CE4A80960D4BEB86F19CCD /* SharedComponents.swift */; };
		3D415DF830F14CC4855D6238 /* AccountDetailView.swift in Sources */ = {isa = PBXBuildFile; fileRef = F2BB0E9E6CB34A2B91A1D9BB /* AccountDetailView.swift */; };
		F9B33FDF0FFE4E21ACCED672 /* AccountFormView.swift in Sources */ = {isa = PBXBuildFile; fileRef = D0D88E2F3E5846399BD64DDF /* AccountFormView.swift */; };
		0F4AD0ED9FEA45AF93A1F488 /* AccountListView.swift in Sources */ = {isa = PBXBuildFile; fileRef = 5C39E7D8062D411B99C7EEAF /* AccountListView.swift */; };
		696955B00884451D9B73FB8E /* AccountStatusService.swift in Sources */ = {isa = PBXBuildFile; fileRef = 928DF25666BC4BC08E153056 /* AccountStatusService.swift */; };
		F38EB5DECA444645B9472A02 /* AccountUpdateService.swift in Sources */ = {isa = PBXBuildFile; fileRef = 04E93CD78A4B4B3C8286CA7D /* AccountUpdateService.swift */; };
		22C8A01E7C324E4B8313CA97 /* AppSettings.swift in Sources */ = {isa = PBXBuildFile; fileRef = DC13FBAB39FF4E66BDBB1AB6 /* AppSettings.swift */; };
		F9128875B168416996897E00 /* AuthenticationService.swift in Sources */ = {isa = PBXBuildFile; fileRef = 5745C4778FF647E6843D2751 /* AuthenticationService.swift */; };
		9ABC19DFFE834D269AE15031 /* CloudKitMigrationService.swift in Sources */ = {isa = PBXBuildFile; fileRef = 94C1A7E519E9487485C293FB /* CloudKitMigrationService.swift */; };
		18A986661D98453D8BEBAF7E /* CloudKitSyncService.swift in Sources */ = {isa = PBXBuildFile; fileRef = 80D5ACFBCB084B7BBD7AE43D /* CloudKitSyncService.swift */; };
		4ECCF9437F82411AB910234C /* DuplicateDetectionService.swift in Sources */ = {isa = PBXBuildFile; fileRef = 54EC06FBA02C49A3931D941D /* DuplicateDetectionService.swift */; };
		D7B76690B00C4B37A1613AA2 /* ImportExportService.swift in Sources */ = {isa = PBXBuildFile; fileRef = 65016A97DEC1410ABA6BEA53 /* ImportExportService.swift */; };
		C4C0092FAF984EE79FE65101 /* KeychainService.swift in Sources */ = {isa = PBXBuildFile; fileRef = BCECC86CEEBB4D2F84D723ED /* KeychainService.swift */; };
		005E8BD0114C4D9D8567A227 /* ModelContainerFactory.swift in Sources */ = {isa = PBXBuildFile; fileRef = DD6CCF9C208741C4A7ED36A1 /* ModelContainerFactory.swift */; };
		9E13FA5C6950481E808F3E47 /* NotificationService.swift in Sources */ = {isa = PBXBuildFile; fileRef = 10384E4BE07547E5A3E1BFDE /* NotificationService.swift */; };
		7E4F69B954AC43659F9D44FF /* ReminderCalculationService.swift in Sources */ = {isa = PBXBuildFile; fileRef = BB8E1BC207004482AF6E03DE /* ReminderCalculationService.swift */; };
		B486EFE26A6145D0BECC6BE6 /* AccountStatusServiceTests.swift in Sources */ = {isa = PBXBuildFile; fileRef = F4512AB1C18A48A8A7DFF534 /* AccountStatusServiceTests.swift */; };
		D88BB4F1AADC47FE9E38C24D /* CloudKitMigrationServiceTests.swift in Sources */ = {isa = PBXBuildFile; fileRef = E2EC9159F557485F836BF156 /* CloudKitMigrationServiceTests.swift */; };
		215DCE9AA815487992C2BBFD /* DuplicateDetectionServiceTests.swift in Sources */ = {isa = PBXBuildFile; fileRef = 1E92D58E13D241E598723D01 /* DuplicateDetectionServiceTests.swift */; };
		B15A5F8015484A05932E0F57 /* ImportExportServiceTests.swift in Sources */ = {isa = PBXBuildFile; fileRef = 6C7ED7830B0D40369AC5B2FC /* ImportExportServiceTests.swift */; };
		D8CF1B8E6F164163AADFB537 /* PlatformConfigurationTests.swift in Sources */ = {isa = PBXBuildFile; fileRef = 28EE6899C3E94601AD36AB62 /* PlatformConfigurationTests.swift */; };
		7342224B85C748799E8F8DD0 /* ReminderCalculationServiceTests.swift in Sources */ = {isa = PBXBuildFile; fileRef = E2A7D57129F64C6A857642FD /* ReminderCalculationServiceTests.swift */; };
		623F3A062DFF4FFDB90E702F /* Assets.xcassets in Resources */ = {isa = PBXBuildFile; fileRef = 98E59EAE4B644F3C8F0D1854 /* Assets.xcassets */; };
/* End PBXBuildFile section */

/* Begin PBXContainerItemProxy section */
		FEFE470E147C48308FE9E0AF /* PBXContainerItemProxy */ = {isa = PBXContainerItemProxy; containerPortal = 2FE11EAD83ED41F897AB40F5; proxyType = 1; remoteGlobalIDString = 9B9EFFE3FA414FD5A3BA3522; remoteInfo = AltKeeper; };
/* End PBXContainerItemProxy section */

/* Begin PBXFileReference section */
		DDB0C526051F4EDA941F8960 /* AltKeeper.app */ = {isa = PBXFileReference; explicitFileType = wrapper.application; includeInIndex = 0; path = AltKeeper.app; sourceTree = BUILT_PRODUCTS_DIR; };
		78D9B80B99374D049479A52A /* AltKeeperTests.xctest */ = {isa = PBXFileReference; explicitFileType = wrapper.cfbundle; includeInIndex = 0; path = AltKeeperTests.xctest; sourceTree = BUILT_PRODUCTS_DIR; };
		6C811086962C4A05B5F63855 /* AltKeeperApp.swift */ = {isa = PBXFileReference; lastKnownFileType = sourcecode.swift; path = AltKeeperApp.swift; sourceTree = "<group>"; };
		227271D9FD9F458DB1DAA879 /* AccountFormViewModel.swift */ = {isa = PBXFileReference; lastKnownFileType = sourcecode.swift; path = AccountFormViewModel.swift; sourceTree = "<group>"; };
		897CC022B3B34D3BA8FE43E6 /* AccountListViewModel.swift */ = {isa = PBXFileReference; lastKnownFileType = sourcecode.swift; path = AccountListViewModel.swift; sourceTree = "<group>"; };
		AC6847CE6708481E93858642 /* DashboardViewModel.swift */ = {isa = PBXFileReference; lastKnownFileType = sourcecode.swift; path = DashboardViewModel.swift; sourceTree = "<group>"; };
		4E83F1EE92954A9DB96A17F9 /* AccountStatus.swift */ = {isa = PBXFileReference; lastKnownFileType = sourcecode.swift; path = AccountStatus.swift; sourceTree = "<group>"; };
		06162689BB8F4D44B987FDB0 /* GameAccount.swift */ = {isa = PBXFileReference; lastKnownFileType = sourcecode.swift; path = GameAccount.swift; sourceTree = "<group>"; };
		8CE5DA969268485B8CC47794 /* GamePlatform.swift */ = {isa = PBXFileReference; lastKnownFileType = sourcecode.swift; path = GamePlatform.swift; sourceTree = "<group>"; };
		63B0CD2BFF994BD39770A4FD /* ReminderInterval.swift */ = {isa = PBXFileReference; lastKnownFileType = sourcecode.swift; path = ReminderInterval.swift; sourceTree = "<group>"; };
		9CA09622C04243819AD870D8 /* AccountListFilters.swift */ = {isa = PBXFileReference; lastKnownFileType = sourcecode.swift; path = AccountListFilters.swift; sourceTree = "<group>"; };
		9C00565B5A7042FB9329B1FD /* AppTheme.swift */ = {isa = PBXFileReference; lastKnownFileType = sourcecode.swift; path = AppTheme.swift; sourceTree = "<group>"; };
		D0A086F10B7340B984A7ABF7 /* DateExtensions.swift */ = {isa = PBXFileReference; lastKnownFileType = sourcecode.swift; path = DateExtensions.swift; sourceTree = "<group>"; };
		BE2ECD9F58354D87BFBC7C33 /* HapticFeedback.swift */ = {isa = PBXFileReference; lastKnownFileType = sourcecode.swift; path = HapticFeedback.swift; sourceTree = "<group>"; };
		46F79D1893494E67A74684DB /* PlatformConfiguration.swift */ = {isa = PBXFileReference; lastKnownFileType = sourcecode.swift; path = PlatformConfiguration.swift; sourceTree = "<group>"; };
		3CD996DAF4B6464EB441DCC1 /* MainTabView.swift */ = {isa = PBXFileReference; lastKnownFileType = sourcecode.swift; path = MainTabView.swift; sourceTree = "<group>"; };
		201ECFF5141B44A5941DBA52 /* LockScreenView.swift */ = {isa = PBXFileReference; lastKnownFileType = sourcecode.swift; path = LockScreenView.swift; sourceTree = "<group>"; };
		74E6364C469D4D21BFEC758D /* SettingsView.swift */ = {isa = PBXFileReference; lastKnownFileType = sourcecode.swift; path = SettingsView.swift; sourceTree = "<group>"; };
		B776FED0C675488498D918B0 /* DashboardView.swift */ = {isa = PBXFileReference; lastKnownFileType = sourcecode.swift; path = DashboardView.swift; sourceTree = "<group>"; };
		39DA9F392EBF4883A46837F2 /* SafariView.swift */ = {isa = PBXFileReference; lastKnownFileType = sourcecode.swift; path = SafariView.swift; sourceTree = "<group>"; };
		21CE4A80960D4BEB86F19CCD /* SharedComponents.swift */ = {isa = PBXFileReference; lastKnownFileType = sourcecode.swift; path = SharedComponents.swift; sourceTree = "<group>"; };
		F2BB0E9E6CB34A2B91A1D9BB /* AccountDetailView.swift */ = {isa = PBXFileReference; lastKnownFileType = sourcecode.swift; path = AccountDetailView.swift; sourceTree = "<group>"; };
		D0D88E2F3E5846399BD64DDF /* AccountFormView.swift */ = {isa = PBXFileReference; lastKnownFileType = sourcecode.swift; path = AccountFormView.swift; sourceTree = "<group>"; };
		5C39E7D8062D411B99C7EEAF /* AccountListView.swift */ = {isa = PBXFileReference; lastKnownFileType = sourcecode.swift; path = AccountListView.swift; sourceTree = "<group>"; };
		928DF25666BC4BC08E153056 /* AccountStatusService.swift */ = {isa = PBXFileReference; lastKnownFileType = sourcecode.swift; path = AccountStatusService.swift; sourceTree = "<group>"; };
		04E93CD78A4B4B3C8286CA7D /* AccountUpdateService.swift */ = {isa = PBXFileReference; lastKnownFileType = sourcecode.swift; path = AccountUpdateService.swift; sourceTree = "<group>"; };
		DC13FBAB39FF4E66BDBB1AB6 /* AppSettings.swift */ = {isa = PBXFileReference; lastKnownFileType = sourcecode.swift; path = AppSettings.swift; sourceTree = "<group>"; };
		5745C4778FF647E6843D2751 /* AuthenticationService.swift */ = {isa = PBXFileReference; lastKnownFileType = sourcecode.swift; path = AuthenticationService.swift; sourceTree = "<group>"; };
		94C1A7E519E9487485C293FB /* CloudKitMigrationService.swift */ = {isa = PBXFileReference; lastKnownFileType = sourcecode.swift; path = CloudKitMigrationService.swift; sourceTree = "<group>"; };
		80D5ACFBCB084B7BBD7AE43D /* CloudKitSyncService.swift */ = {isa = PBXFileReference; lastKnownFileType = sourcecode.swift; path = CloudKitSyncService.swift; sourceTree = "<group>"; };
		54EC06FBA02C49A3931D941D /* DuplicateDetectionService.swift */ = {isa = PBXFileReference; lastKnownFileType = sourcecode.swift; path = DuplicateDetectionService.swift; sourceTree = "<group>"; };
		65016A97DEC1410ABA6BEA53 /* ImportExportService.swift */ = {isa = PBXFileReference; lastKnownFileType = sourcecode.swift; path = ImportExportService.swift; sourceTree = "<group>"; };
		BCECC86CEEBB4D2F84D723ED /* KeychainService.swift */ = {isa = PBXFileReference; lastKnownFileType = sourcecode.swift; path = KeychainService.swift; sourceTree = "<group>"; };
		DD6CCF9C208741C4A7ED36A1 /* ModelContainerFactory.swift */ = {isa = PBXFileReference; lastKnownFileType = sourcecode.swift; path = ModelContainerFactory.swift; sourceTree = "<group>"; };
		10384E4BE07547E5A3E1BFDE /* NotificationService.swift */ = {isa = PBXFileReference; lastKnownFileType = sourcecode.swift; path = NotificationService.swift; sourceTree = "<group>"; };
		BB8E1BC207004482AF6E03DE /* ReminderCalculationService.swift */ = {isa = PBXFileReference; lastKnownFileType = sourcecode.swift; path = ReminderCalculationService.swift; sourceTree = "<group>"; };
		F4512AB1C18A48A8A7DFF534 /* AccountStatusServiceTests.swift */ = {isa = PBXFileReference; lastKnownFileType = sourcecode.swift; path = AccountStatusServiceTests.swift; sourceTree = "<group>"; };
		E2EC9159F557485F836BF156 /* CloudKitMigrationServiceTests.swift */ = {isa = PBXFileReference; lastKnownFileType = sourcecode.swift; path = CloudKitMigrationServiceTests.swift; sourceTree = "<group>"; };
		1E92D58E13D241E598723D01 /* DuplicateDetectionServiceTests.swift */ = {isa = PBXFileReference; lastKnownFileType = sourcecode.swift; path = DuplicateDetectionServiceTests.swift; sourceTree = "<group>"; };
		6C7ED7830B0D40369AC5B2FC /* ImportExportServiceTests.swift */ = {isa = PBXFileReference; lastKnownFileType = sourcecode.swift; path = ImportExportServiceTests.swift; sourceTree = "<group>"; };
		28EE6899C3E94601AD36AB62 /* PlatformConfigurationTests.swift */ = {isa = PBXFileReference; lastKnownFileType = sourcecode.swift; path = PlatformConfigurationTests.swift; sourceTree = "<group>"; };
		E2A7D57129F64C6A857642FD /* ReminderCalculationServiceTests.swift */ = {isa = PBXFileReference; lastKnownFileType = sourcecode.swift; path = ReminderCalculationServiceTests.swift; sourceTree = "<group>"; };
		98E59EAE4B644F3C8F0D1854 /* Assets.xcassets */ = {isa = PBXFileReference; lastKnownFileType = folder.assetcatalog; path = Assets.xcassets; sourceTree = "<group>"; };
		B4C7E0FBAB3C460297CC747B /* Info.plist */ = {isa = PBXFileReference; lastKnownFileType = text.plist.xml; path = Info.plist; sourceTree = "<group>"; };
		2CE47F1045D44C5E84CCC371 /* AltKeeper.entitlements */ = {isa = PBXFileReference; lastKnownFileType = text.plist.entitlements; path = AltKeeper.entitlements; sourceTree = "<group>"; };
/* End PBXFileReference section */

/* Begin PBXFrameworksBuildPhase section */
		81C802D80D2E4929A635D491 /* Frameworks */ = {isa = PBXFrameworksBuildPhase; buildActionMask = 2147483647; files = (); runOnlyForDeploymentPostprocessing = 0; };
		F1FD245A61304688B2EA0C2A /* Frameworks */ = {isa = PBXFrameworksBuildPhase; buildActionMask = 2147483647; files = (); runOnlyForDeploymentPostprocessing = 0; };
/* End PBXFrameworksBuildPhase section */

/* Begin PBXGroup section */
		381ACE7669C549A784859899 /* Main */ = {isa = PBXGroup; children = (C931AE0ECBB44AA68ABD9C6D, C414E46309FC43F299946A56, A882026FEA9941B6B64D771D); sourceTree = "<group>"; };
		A882026FEA9941B6B64D771D /* Products */ = {isa = PBXGroup; children = (DDB0C526051F4EDA941F8960, 78D9B80B99374D049479A52A); sourceTree = "<group>"; };
		C931AE0ECBB44AA68ABD9C6D /* AltKeeper */ = {isa = PBXGroup; children = (6C811086962C4A05B5F63855, B531B9D9F5024FCF8C86C67C, AABADCEC5B464329BF9072C9, 338BF54B46224BD38A4D078B, B1C95CDFC916486BA0D5D1D5, 45EEF3AE8A9A4F788948A6F8, 1B499A8B0E1A46EDAF6F9282, 2CE47F1045D44C5E84CCC371); path = AltKeeper; sourceTree = "<group>"; };
		C414E46309FC43F299946A56 /* AltKeeperTests */ = {isa = PBXGroup; children = (F4512AB1C18A48A8A7DFF534, E2EC9159F557485F836BF156, 1E92D58E13D241E598723D01, 6C7ED7830B0D40369AC5B2FC, 28EE6899C3E94601AD36AB62, E2A7D57129F64C6A857642FD); path = AltKeeperTests; sourceTree = "<group>"; };
		1B499A8B0E1A46EDAF6F9282 /* Resources */ = {isa = PBXGroup; children = (98E59EAE4B644F3C8F0D1854, B4C7E0FBAB3C460297CC747B); path = Resources; sourceTree = "<group>"; };
		B531B9D9F5024FCF8C86C67C /* Models */ = {isa = PBXGroup; children = (4E83F1EE92954A9DB96A17F9, 06162689BB8F4D44B987FDB0, 8CE5DA969268485B8CC47794, 63B0CD2BFF994BD39770A4FD); path = Models; sourceTree = "<group>"; };
		AABADCEC5B464329BF9072C9 /* Services */ = {isa = PBXGroup; children = (928DF25666BC4BC08E153056, 04E93CD78A4B4B3C8286CA7D, DC13FBAB39FF4E66BDBB1AB6, 5745C4778FF647E6843D2751, 94C1A7E519E9487485C293FB, 80D5ACFBCB084B7BBD7AE43D, 54EC06FBA02C49A3931D941D, 65016A97DEC1410ABA6BEA53, BCECC86CEEBB4D2F84D723ED, DD6CCF9C208741C4A7ED36A1, 10384E4BE07547E5A3E1BFDE, BB8E1BC207004482AF6E03DE); path = Services; sourceTree = "<group>"; };
		338BF54B46224BD38A4D078B /* ViewModels */ = {isa = PBXGroup; children = (227271D9FD9F458DB1DAA879, 897CC022B3B34D3BA8FE43E6, AC6847CE6708481E93858642); path = ViewModels; sourceTree = "<group>"; };
		B1C95CDFC916486BA0D5D1D5 /* Views */ = {isa = PBXGroup; children = (4A78AC1C78EF48B5951C9447, 3AF16CD9D05D45D1A0A1AC92, E445225D47E54B12918D5B2E, 2B06C22780CC456DB894B3B0, 3CD996DAF4B6464EB441DCC1); path = Views; sourceTree = "<group>"; };
		45EEF3AE8A9A4F788948A6F8 /* Utilities */ = {isa = PBXGroup; children = (9CA09622C04243819AD870D8, 9C00565B5A7042FB9329B1FD, D0A086F10B7340B984A7ABF7, BE2ECD9F58354D87BFBC7C33, 46F79D1893494E67A74684DB); path = Utilities; sourceTree = "<group>"; };
		4A78AC1C78EF48B5951C9447 /* Dashboard */ = {isa = PBXGroup; children = (B776FED0C675488498D918B0); path = Dashboard; sourceTree = "<group>"; };
		3AF16CD9D05D45D1A0A1AC92 /* Accounts */ = {isa = PBXGroup; children = (F2BB0E9E6CB34A2B91A1D9BB, D0D88E2F3E5846399BD64DDF, 5C39E7D8062D411B99C7EEAF); path = Accounts; sourceTree = "<group>"; };
		E445225D47E54B12918D5B2E /* Settings */ = {isa = PBXGroup; children = (201ECFF5141B44A5941DBA52, 74E6364C469D4D21BFEC758D); path = Settings; sourceTree = "<group>"; };
		2B06C22780CC456DB894B3B0 /* Components */ = {isa = PBXGroup; children = (39DA9F392EBF4883A46837F2, 21CE4A80960D4BEB86F19CCD); path = Components; sourceTree = "<group>"; };
/* End PBXGroup section */

/* Begin PBXNativeTarget section */
		9B9EFFE3FA414FD5A3BA3522 /* AltKeeper */ = {isa = PBXNativeTarget; buildConfigurationList = 38C13C06252B4D78BF8D4B8E; buildPhases = (53EBB8D2F66D48218918984A, 2B80A662DC084688815481A4, 81C802D80D2E4929A635D491); buildRules = (); dependencies = (); name = AltKeeper; productName = AltKeeper; productReference = DDB0C526051F4EDA941F8960; productType = "com.apple.product-type.application"; };
		0BFCB290D8C3410D83BC6190 /* AltKeeperTests */ = {isa = PBXNativeTarget; buildConfigurationList = CA1018DBD4E6455D8D27B53B; buildPhases = (9A3CDA849C6B408191B1FD4B, F1FD245A61304688B2EA0C2A); buildRules = (); dependencies = (FA1C203183B444CD876221F2); name = AltKeeperTests; productName = AltKeeperTests; productReference = 78D9B80B99374D049479A52A; productType = "com.apple.product-type.bundle.unit-test"; };
/* End PBXNativeTarget section */

/* Begin PBXProject section */
		2FE11EAD83ED41F897AB40F5 /* Project object */ = {isa = PBXProject; attributes = {BuildIndependentTargetsInParallel = 1; LastSwiftUpdateCheck = 1600; LastUpgradeCheck = 1600; TargetAttributes = {0BFCB290D8C3410D83BC6190 = {CreatedOnToolsVersion = 16.0; TestTargetID = 9B9EFFE3FA414FD5A3BA3522; }; }; }; buildConfigurationList = ABEAF9630E94407CBD308F9C; compatibilityVersion = "Xcode 14.0"; developmentRegion = nl; hasScannedForEncodings = 0; knownRegions = (nl, en, Base); mainGroup = 381ACE7669C549A784859899; productRefGroup = A882026FEA9941B6B64D771D; projectDirPath = ""; projectRoot = ""; targets = (9B9EFFE3FA414FD5A3BA3522, 0BFCB290D8C3410D83BC6190); };
/* End PBXProject section */

/* Begin PBXResourcesBuildPhase section */
		2B80A662DC084688815481A4 /* Resources */ = {isa = PBXResourcesBuildPhase; buildActionMask = 2147483647; files = (623F3A062DFF4FFDB90E702F /* Assets.xcassets in Resources */); runOnlyForDeploymentPostprocessing = 0; };
/* End PBXResourcesBuildPhase section */

/* Begin PBXSourcesBuildPhase section */
		53EBB8D2F66D48218918984A /* Sources */ = {isa = PBXSourcesBuildPhase; buildActionMask = 2147483647; files = (4ABBA2A265D8437EAC5C56EE /* AltKeeperApp.swift in Sources */, 315688AF25B9414D81D04ADF /* AccountFormViewModel.swift in Sources */, C2CD49F55C044F1286A0D4D5 /* AccountListViewModel.swift in Sources */, 749C5CA215844ADA9E56C89C /* DashboardViewModel.swift in Sources */, 76902706FF4C467C8411014F /* AccountStatus.swift in Sources */, 947786A35AF94CAAB3E426DB /* GameAccount.swift in Sources */, 260CE5A439CC4133997EBF0C /* GamePlatform.swift in Sources */, DC32C9E946B74340915DDC95 /* ReminderInterval.swift in Sources */, 78222B03120C42F5B93A3D7C /* AccountListFilters.swift in Sources */, 04E0D2CEBA81474F8BCE4504 /* AppTheme.swift in Sources */, 0A3DAF90950E424FA429EAC2 /* DateExtensions.swift in Sources */, E6230E248A254873921D3050 /* HapticFeedback.swift in Sources */, B5436281833D465D96EFBAF3 /* PlatformConfiguration.swift in Sources */, FB3D47783ACA49D79A19B396 /* MainTabView.swift in Sources */, BBAFD0A015C54852B5791602 /* LockScreenView.swift in Sources */, EB6D68A9C8754137806EB120 /* SettingsView.swift in Sources */, 7D061C47735E4209A0A66159 /* DashboardView.swift in Sources */, E709DF9D99FE480D810181C8 /* SafariView.swift in Sources */, 92F2338824294E31B5B624DB /* SharedComponents.swift in Sources */, 3D415DF830F14CC4855D6238 /* AccountDetailView.swift in Sources */, F9B33FDF0FFE4E21ACCED672 /* AccountFormView.swift in Sources */, 0F4AD0ED9FEA45AF93A1F488 /* AccountListView.swift in Sources */, 696955B00884451D9B73FB8E /* AccountStatusService.swift in Sources */, F38EB5DECA444645B9472A02 /* AccountUpdateService.swift in Sources */, 22C8A01E7C324E4B8313CA97 /* AppSettings.swift in Sources */, F9128875B168416996897E00 /* AuthenticationService.swift in Sources */, 9ABC19DFFE834D269AE15031 /* CloudKitMigrationService.swift in Sources */, 18A986661D98453D8BEBAF7E /* CloudKitSyncService.swift in Sources */, 4ECCF9437F82411AB910234C /* DuplicateDetectionService.swift in Sources */, D7B76690B00C4B37A1613AA2 /* ImportExportService.swift in Sources */, C4C0092FAF984EE79FE65101 /* KeychainService.swift in Sources */, 005E8BD0114C4D9D8567A227 /* ModelContainerFactory.swift in Sources */, 9E13FA5C6950481E808F3E47 /* NotificationService.swift in Sources */, 7E4F69B954AC43659F9D44FF /* ReminderCalculationService.swift in Sources */); runOnlyForDeploymentPostprocessing = 0; };
		9A3CDA849C6B408191B1FD4B /* Sources */ = {isa = PBXSourcesBuildPhase; buildActionMask = 2147483647; files = (B486EFE26A6145D0BECC6BE6 /* AccountStatusServiceTests.swift in Sources */, D88BB4F1AADC47FE9E38C24D /* CloudKitMigrationServiceTests.swift in Sources */, 215DCE9AA815487992C2BBFD /* DuplicateDetectionServiceTests.swift in Sources */, B15A5F8015484A05932E0F57 /* ImportExportServiceTests.swift in Sources */, D8CF1B8E6F164163AADFB537 /* PlatformConfigurationTests.swift in Sources */, 7342224B85C748799E8F8DD0 /* ReminderCalculationServiceTests.swift in Sources */); runOnlyForDeploymentPostprocessing = 0; };
/* End PBXSourcesBuildPhase section */

/* Begin PBXTargetDependency section */
		FA1C203183B444CD876221F2 /* PBXTargetDependency */ = {isa = PBXTargetDependency; target = 9B9EFFE3FA414FD5A3BA3522; targetProxy = FEFE470E147C48308FE9E0AF; };
/* End PBXTargetDependency section */

/* Begin XCBuildConfiguration section */
		FF75C710CE884EF3B839DD5C /* Debug */ = {isa = XCBuildConfiguration; buildSettings = {ALWAYS_SEARCH_USER_PATHS = NO; CLANG_ENABLE_MODULES = YES; CLANG_ENABLE_OBJC_ARC = YES; COPY_PHASE_STRIP = NO; DEBUG_INFORMATION_FORMAT = dwarf; ENABLE_TESTABILITY = YES; GCC_DYNAMIC_NO_PIC = NO; GCC_OPTIMIZATION_LEVEL = 0; IPHONEOS_DEPLOYMENT_TARGET = 18.0; ONLY_ACTIVE_ARCH = YES; SDKROOT = iphoneos; SWIFT_ACTIVE_COMPILATION_CONDITIONS = "DEBUG $(inherited)"; SWIFT_OPTIMIZATION_LEVEL = "-Onone"; SWIFT_VERSION = 5.0; }; name = Debug; };
		0DC865E5E4EE4598B5D62E6D /* Release */ = {isa = XCBuildConfiguration; buildSettings = {ALWAYS_SEARCH_USER_PATHS = NO; CLANG_ENABLE_MODULES = YES; CLANG_ENABLE_OBJC_ARC = YES; COPY_PHASE_STRIP = NO; DEBUG_INFORMATION_FORMAT = dwarf; ENABLE_TESTABILITY = YES; GCC_DYNAMIC_NO_PIC = NO; GCC_OPTIMIZATION_LEVEL = 0; IPHONEOS_DEPLOYMENT_TARGET = 18.0; ONLY_ACTIVE_ARCH = YES; SDKROOT = iphoneos; SWIFT_ACTIVE_COMPILATION_CONDITIONS = "DEBUG $(inherited)"; SWIFT_OPTIMIZATION_LEVEL = "-Onone"; SWIFT_VERSION = 5.0; }; name = Release; };
		E09439E8D67E4245BAE86635 /* Debug */ = {isa = XCBuildConfiguration; buildSettings = {ASSETCATALOG_COMPILER_APPICON_NAME = AppIcon; ASSETCATALOG_COMPILER_GLOBAL_ACCENT_COLOR_NAME = AccentColor; CODE_SIGN_ENTITLEMENTS = AltKeeper/AltKeeper.entitlements; CODE_SIGN_STYLE = Automatic; CURRENT_PROJECT_VERSION = 1; DEVELOPMENT_TEAM = ""; ENABLE_PREVIEWS = YES; GENERATE_INFOPLIST_FILE = NO; INFOPLIST_FILE = AltKeeper/Resources/Info.plist; INFOPLIST_KEY_UIApplicationSupportsIndirectInputEvents = YES; INFOPLIST_KEY_UILaunchScreen_Generation = YES; IPHONEOS_DEPLOYMENT_TARGET = 18.0; LD_RUNPATH_SEARCH_PATHS = ("$(inherited)", "@executable_path/Frameworks"); MARKETING_VERSION = 1.0; PRODUCT_BUNDLE_IDENTIFIER = com.altkeeper.app; PRODUCT_NAME = "$(TARGET_NAME)"; SWIFT_EMIT_LOC_STRINGS = YES; SWIFT_VERSION = 5.0; TARGETED_DEVICE_FAMILY = "1,2"; DEBUG_INFORMATION_FORMAT = dwarf; }; name = Debug; };
		26CD739728B242D59FE6839B /* Release */ = {isa = XCBuildConfiguration; buildSettings = {ASSETCATALOG_COMPILER_APPICON_NAME = AppIcon; ASSETCATALOG_COMPILER_GLOBAL_ACCENT_COLOR_NAME = AccentColor; CODE_SIGN_ENTITLEMENTS = AltKeeper/AltKeeper.entitlements; CODE_SIGN_STYLE = Automatic; CURRENT_PROJECT_VERSION = 1; DEVELOPMENT_TEAM = ""; ENABLE_PREVIEWS = YES; GENERATE_INFOPLIST_FILE = NO; INFOPLIST_FILE = AltKeeper/Resources/Info.plist; INFOPLIST_KEY_UIApplicationSupportsIndirectInputEvents = YES; INFOPLIST_KEY_UILaunchScreen_Generation = YES; IPHONEOS_DEPLOYMENT_TARGET = 18.0; LD_RUNPATH_SEARCH_PATHS = ("$(inherited)", "@executable_path/Frameworks"); MARKETING_VERSION = 1.0; PRODUCT_BUNDLE_IDENTIFIER = com.altkeeper.app; PRODUCT_NAME = "$(TARGET_NAME)"; SWIFT_EMIT_LOC_STRINGS = YES; SWIFT_VERSION = 5.0; TARGETED_DEVICE_FAMILY = "1,2"; DEBUG_INFORMATION_FORMAT = "dwarf-with-dsym"; SWIFT_COMPILATION_MODE = wholemodule; }; name = Release; };
		30FFE83FF28D44F7A01FDCCF /* Debug */ = {isa = XCBuildConfiguration; buildSettings = {BUNDLE_LOADER = "$(TEST_HOST)"; CODE_SIGN_STYLE = Automatic; CURRENT_PROJECT_VERSION = 1; GENERATE_INFOPLIST_FILE = YES; IPHONEOS_DEPLOYMENT_TARGET = 18.0; MARKETING_VERSION = 1.0; PRODUCT_BUNDLE_IDENTIFIER = com.altkeeper.app.tests; PRODUCT_NAME = "$(TARGET_NAME)"; SWIFT_EMIT_LOC_STRINGS = NO; SWIFT_VERSION = 5.0; TARGETED_DEVICE_FAMILY = "1,2"; TEST_HOST = "$(BUILT_PRODUCTS_DIR)/AltKeeper.app/$(BUNDLE_EXECUTABLE_FOLDER_PATH)/AltKeeper"; }; name = Debug; };
		B9F2A22F16CD4DF6939FB24E /* Release */ = {isa = XCBuildConfiguration; buildSettings = {BUNDLE_LOADER = "$(TEST_HOST)"; CODE_SIGN_STYLE = Automatic; CURRENT_PROJECT_VERSION = 1; GENERATE_INFOPLIST_FILE = YES; IPHONEOS_DEPLOYMENT_TARGET = 18.0; MARKETING_VERSION = 1.0; PRODUCT_BUNDLE_IDENTIFIER = com.altkeeper.app.tests; PRODUCT_NAME = "$(TARGET_NAME)"; SWIFT_EMIT_LOC_STRINGS = NO; SWIFT_VERSION = 5.0; TARGETED_DEVICE_FAMILY = "1,2"; TEST_HOST = "$(BUILT_PRODUCTS_DIR)/AltKeeper.app/$(BUNDLE_EXECUTABLE_FOLDER_PATH)/AltKeeper"; }; name = Release; };
/* End XCBuildConfiguration section */

/* Begin XCConfigurationList section */
		ABEAF9630E94407CBD308F9C /* Build configuration list for PBXProject */ = {isa = XCConfigurationList; buildConfigurations = (FF75C710CE884EF3B839DD5C /* Debug */, 0DC865E5E4EE4598B5D62E6D /* Release */); defaultConfigurationIsVisible = 0; defaultConfigurationName = Release; };
		38C13C06252B4D78BF8D4B8E /* Build configuration list for PBXNativeTarget AltKeeper */ = {isa = XCConfigurationList; buildConfigurations = (E09439E8D67E4245BAE86635 /* Debug */, 26CD739728B242D59FE6839B /* Release */); defaultConfigurationIsVisible = 0; defaultConfigurationName = Release; };
		CA1018DBD4E6455D8D27B53B /* Build configuration list for PBXNativeTarget AltKeeperTests */ = {isa = XCConfigurationList; buildConfigurations = (30FFE83FF28D44F7A01FDCCF /* Debug */, B9F2A22F16CD4DF6939FB24E /* Release */); defaultConfigurationIsVisible = 0; defaultConfigurationName = Release; };
/* End XCConfigurationList section */
	};
	rootObject = 2FE11EAD83ED41F897AB40F5 /* Project object */;
}
